// !$*UTF8*$!
{
	archiveVersion = 1;
	classes = {
	};
	objectVersion = 50;
	objects = {

/* Begin PBXBuildFile section */
		2C8157C92546BEE400306CFC /* MinorWeatherTableViewCell.swift in Sources */ = {isa = PBXBuildFile; fileRef = 2C8157C72546BEE400306CFC /* MinorWeatherTableViewCell.swift */; };
		2C8157CA2546BEE400306CFC /* MinorWeatherTableViewCell.xib in Resources */ = {isa = PBXBuildFile; fileRef = 2C8157C82546BEE400306CFC /* MinorWeatherTableViewCell.xib */; };
		2CD659CE2542D44A00508C22 /* ErrorAlert.swift in Sources */ = {isa = PBXBuildFile; fileRef = 2CD659CD2542D44A00508C22 /* ErrorAlert.swift */; };
		84030743251B33CC00AB3014 /* WeatherNetworkService.swift in Sources */ = {isa = PBXBuildFile; fileRef = 84030742251B33CC00AB3014 /* WeatherNetworkService.swift */; };
		8403074D251B584D00AB3014 /* ForSelectionCityCollectionViewCell.swift in Sources */ = {isa = PBXBuildFile; fileRef = 8403074B251B584D00AB3014 /* ForSelectionCityCollectionViewCell.swift */; };
		8403074E251B584D00AB3014 /* ForSelectionCityCollectionViewCell.xib in Resources */ = {isa = PBXBuildFile; fileRef = 8403074C251B584D00AB3014 /* ForSelectionCityCollectionViewCell.xib */; };
		84241E38251CC55700012D49 /* DateFormatterModel.swift in Sources */ = {isa = PBXBuildFile; fileRef = 84241E37251CC55700012D49 /* DateFormatterModel.swift */; };
		8439449F2519E109003DF607 /* SelectMethodTableViewCell.swift in Sources */ = {isa = PBXBuildFile; fileRef = 8439449D2519E109003DF607 /* SelectMethodTableViewCell.swift */; };
		843944A02519E109003DF607 /* SelectMethodTableViewCell.xib in Resources */ = {isa = PBXBuildFile; fileRef = 8439449E2519E109003DF607 /* SelectMethodTableViewCell.xib */; };
		843944A52519E4C4003DF607 /* ViewControllerFactory.swift in Sources */ = {isa = PBXBuildFile; fileRef = 843944A42519E4C4003DF607 /* ViewControllerFactory.swift */; };
		843944B12519E774003DF607 /* MapViewController.swift in Sources */ = {isa = PBXBuildFile; fileRef = 843944B02519E774003DF607 /* MapViewController.swift */; };
		843944BE2519EC9F003DF607 /* UIUtilities.swift in Sources */ = {isa = PBXBuildFile; fileRef = 843944BD2519EC9F003DF607 /* UIUtilities.swift */; };
		843944C72519EDEC003DF607 /* WeatherViewController.swift in Sources */ = {isa = PBXBuildFile; fileRef = 843944C62519EDEC003DF607 /* WeatherViewController.swift */; };
		8439450E251A0F2E003DF607 /* WeatherTableViewCell.swift in Sources */ = {isa = PBXBuildFile; fileRef = 8439450C251A0F2E003DF607 /* WeatherTableViewCell.swift */; };
		8439450F251A0F2E003DF607 /* WeatherTableViewCell.xib in Resources */ = {isa = PBXBuildFile; fileRef = 8439450D251A0F2E003DF607 /* WeatherTableViewCell.xib */; };
		84394514251A1F74003DF607 /* DecodeModel.swift in Sources */ = {isa = PBXBuildFile; fileRef = 84394513251A1F74003DF607 /* DecodeModel.swift */; };
		8439451A251A202F003DF607 /* NetworkService.swift in Sources */ = {isa = PBXBuildFile; fileRef = 84394519251A202F003DF607 /* NetworkService.swift */; };
		846B8079254018C800453D7C /* TableHeader.swift in Sources */ = {isa = PBXBuildFile; fileRef = 846B8078254018C800453D7C /* TableHeader.swift */; };
		846B807E2540193700453D7C /* TableHeader.xib in Resources */ = {isa = PBXBuildFile; fileRef = 846B807D2540193700453D7C /* TableHeader.xib */; };
		846B808625401DC600453D7C /* ContainerTableViewCell.swift in Sources */ = {isa = PBXBuildFile; fileRef = 846B808425401DC600453D7C /* ContainerTableViewCell.swift */; };
		846B808725401DC600453D7C /* ContainerTableViewCell.xib in Resources */ = {isa = PBXBuildFile; fileRef = 846B808525401DC600453D7C /* ContainerTableViewCell.xib */; };
		846B80A62540353B00453D7C /* WeatherCollectionViewCell.swift in Sources */ = {isa = PBXBuildFile; fileRef = 846B80A42540353A00453D7C /* WeatherCollectionViewCell.swift */; };
		846B80A72540353B00453D7C /* WeatherCollectionViewCell.xib in Resources */ = {isa = PBXBuildFile; fileRef = 846B80A52540353A00453D7C /* WeatherCollectionViewCell.xib */; };
		84A93717251A2D2B007644FF /* SelectionCityViewController.swift in Sources */ = {isa = PBXBuildFile; fileRef = 84A93716251A2D2B007644FF /* SelectionCityViewController.swift */; };
		84B9FE832518BD6800BDD969 /* AppDelegate.swift in Sources */ = {isa = PBXBuildFile; fileRef = 84B9FE822518BD6800BDD969 /* AppDelegate.swift */; };
		84B9FE852518BD6800BDD969 /* SceneDelegate.swift in Sources */ = {isa = PBXBuildFile; fileRef = 84B9FE842518BD6800BDD969 /* SceneDelegate.swift */; };
		84B9FE872518BD6800BDD969 /* SelectMethodViewController.swift in Sources */ = {isa = PBXBuildFile; fileRef = 84B9FE862518BD6800BDD969 /* SelectMethodViewController.swift */; };
		84B9FE8A2518BD6800BDD969 /* Main.storyboard in Resources */ = {isa = PBXBuildFile; fileRef = 84B9FE882518BD6800BDD969 /* Main.storyboard */; };
		84B9FE8C2518BD6900BDD969 /* Assets.xcassets in Resources */ = {isa = PBXBuildFile; fileRef = 84B9FE8B2518BD6900BDD969 /* Assets.xcassets */; };
		84B9FE8F2518BD6900BDD969 /* LaunchScreen.storyboard in Resources */ = {isa = PBXBuildFile; fileRef = 84B9FE8D2518BD6900BDD969 /* LaunchScreen.storyboard */; };
		84B9FE9A2518BD6900BDD969 /* WeatherTests.swift in Sources */ = {isa = PBXBuildFile; fileRef = 84B9FE992518BD6900BDD969 /* WeatherTests.swift */; };
		84B9FEA52518BD6900BDD969 /* WeatherUITests.swift in Sources */ = {isa = PBXBuildFile; fileRef = 84B9FEA42518BD6900BDD969 /* WeatherUITests.swift */; };
		84F92E97253DBB2C00F5EE3A /* LocationManager.swift in Sources */ = {isa = PBXBuildFile; fileRef = 84F92E96253DBB2C00F5EE3A /* LocationManager.swift */; };
/* End PBXBuildFile section */

/* Begin PBXContainerItemProxy section */
		84B9FE962518BD6900BDD969 /* PBXContainerItemProxy */ = {
			isa = PBXContainerItemProxy;
			containerPortal = 84B9FE772518BD6800BDD969 /* Project object */;
			proxyType = 1;
			remoteGlobalIDString = 84B9FE7E2518BD6800BDD969;
			remoteInfo = Weather;
		};
		84B9FEA12518BD6900BDD969 /* PBXContainerItemProxy */ = {
			isa = PBXContainerItemProxy;
			containerPortal = 84B9FE772518BD6800BDD969 /* Project object */;
			proxyType = 1;
			remoteGlobalIDString = 84B9FE7E2518BD6800BDD969;
			remoteInfo = Weather;
		};
/* End PBXContainerItemProxy section */

/* Begin PBXFileReference section */
		2C8157C72546BEE400306CFC /* MinorWeatherTableViewCell.swift */ = {isa = PBXFileReference; lastKnownFileType = sourcecode.swift; path = MinorWeatherTableViewCell.swift; sourceTree = "<group>"; };
		2C8157C82546BEE400306CFC /* MinorWeatherTableViewCell.xib */ = {isa = PBXFileReference; lastKnownFileType = file.xib; path = MinorWeatherTableViewCell.xib; sourceTree = "<group>"; };
		2CD659CD2542D44A00508C22 /* ErrorAlert.swift */ = {isa = PBXFileReference; lastKnownFileType = sourcecode.swift; path = ErrorAlert.swift; sourceTree = "<group>"; };
		84030742251B33CC00AB3014 /* WeatherNetworkService.swift */ = {isa = PBXFileReference; lastKnownFileType = sourcecode.swift; path = WeatherNetworkService.swift; sourceTree = "<group>"; };
		8403074B251B584D00AB3014 /* ForSelectionCityCollectionViewCell.swift */ = {isa = PBXFileReference; lastKnownFileType = sourcecode.swift; path = ForSelectionCityCollectionViewCell.swift; sourceTree = "<group>"; };
		8403074C251B584D00AB3014 /* ForSelectionCityCollectionViewCell.xib */ = {isa = PBXFileReference; lastKnownFileType = file.xib; path = ForSelectionCityCollectionViewCell.xib; sourceTree = "<group>"; };
		84241E37251CC55700012D49 /* DateFormatterModel.swift */ = {isa = PBXFileReference; fileEncoding = 4; lastKnownFileType = sourcecode.swift; path = DateFormatterModel.swift; sourceTree = "<group>"; };
		8439449D2519E109003DF607 /* SelectMethodTableViewCell.swift */ = {isa = PBXFileReference; lastKnownFileType = sourcecode.swift; path = SelectMethodTableViewCell.swift; sourceTree = "<group>"; };
		8439449E2519E109003DF607 /* SelectMethodTableViewCell.xib */ = {isa = PBXFileReference; lastKnownFileType = file.xib; path = SelectMethodTableViewCell.xib; sourceTree = "<group>"; };
		843944A42519E4C4003DF607 /* ViewControllerFactory.swift */ = {isa = PBXFileReference; lastKnownFileType = sourcecode.swift; path = ViewControllerFactory.swift; sourceTree = "<group>"; };
		843944B02519E774003DF607 /* MapViewController.swift */ = {isa = PBXFileReference; lastKnownFileType = sourcecode.swift; path = MapViewController.swift; sourceTree = "<group>"; };
		843944BD2519EC9F003DF607 /* UIUtilities.swift */ = {isa = PBXFileReference; fileEncoding = 4; lastKnownFileType = sourcecode.swift; path = UIUtilities.swift; sourceTree = "<group>"; };
		843944C62519EDEC003DF607 /* WeatherViewController.swift */ = {isa = PBXFileReference; lastKnownFileType = sourcecode.swift; path = WeatherViewController.swift; sourceTree = "<group>"; };
		8439450C251A0F2E003DF607 /* WeatherTableViewCell.swift */ = {isa = PBXFileReference; lastKnownFileType = sourcecode.swift; path = WeatherTableViewCell.swift; sourceTree = "<group>"; };
		8439450D251A0F2E003DF607 /* WeatherTableViewCell.xib */ = {isa = PBXFileReference; lastKnownFileType = file.xib; path = WeatherTableViewCell.xib; sourceTree = "<group>"; };
		84394513251A1F74003DF607 /* DecodeModel.swift */ = {isa = PBXFileReference; lastKnownFileType = sourcecode.swift; path = DecodeModel.swift; sourceTree = "<group>"; };
		84394519251A202F003DF607 /* NetworkService.swift */ = {isa = PBXFileReference; lastKnownFileType = sourcecode.swift; path = NetworkService.swift; sourceTree = "<group>"; };
		846B8078254018C800453D7C /* TableHeader.swift */ = {isa = PBXFileReference; lastKnownFileType = sourcecode.swift; path = TableHeader.swift; sourceTree = "<group>"; };
		846B807D2540193700453D7C /* TableHeader.xib */ = {isa = PBXFileReference; lastKnownFileType = file.xib; path = TableHeader.xib; sourceTree = "<group>"; };
		846B808425401DC600453D7C /* ContainerTableViewCell.swift */ = {isa = PBXFileReference; lastKnownFileType = sourcecode.swift; path = ContainerTableViewCell.swift; sourceTree = "<group>"; };
		846B808525401DC600453D7C /* ContainerTableViewCell.xib */ = {isa = PBXFileReference; lastKnownFileType = file.xib; path = ContainerTableViewCell.xib; sourceTree = "<group>"; };
		846B80A42540353A00453D7C /* WeatherCollectionViewCell.swift */ = {isa = PBXFileReference; lastKnownFileType = sourcecode.swift; path = WeatherCollectionViewCell.swift; sourceTree = "<group>"; };
		846B80A52540353A00453D7C /* WeatherCollectionViewCell.xib */ = {isa = PBXFileReference; lastKnownFileType = file.xib; path = WeatherCollectionViewCell.xib; sourceTree = "<group>"; };
		84A93716251A2D2B007644FF /* SelectionCityViewController.swift */ = {isa = PBXFileReference; lastKnownFileType = sourcecode.swift; path = SelectionCityViewController.swift; sourceTree = "<group>"; };
		84B9FE7F2518BD6800BDD969 /* Weather.app */ = {isa = PBXFileReference; explicitFileType = wrapper.application; includeInIndex = 0; path = Weather.app; sourceTree = BUILT_PRODUCTS_DIR; };
		84B9FE822518BD6800BDD969 /* AppDelegate.swift */ = {isa = PBXFileReference; lastKnownFileType = sourcecode.swift; path = AppDelegate.swift; sourceTree = "<group>"; };
		84B9FE842518BD6800BDD969 /* SceneDelegate.swift */ = {isa = PBXFileReference; lastKnownFileType = sourcecode.swift; path = SceneDelegate.swift; sourceTree = "<group>"; };
		84B9FE862518BD6800BDD969 /* SelectMethodViewController.swift */ = {isa = PBXFileReference; lastKnownFileType = sourcecode.swift; path = SelectMethodViewController.swift; sourceTree = "<group>"; };
		84B9FE892518BD6800BDD969 /* Base */ = {isa = PBXFileReference; lastKnownFileType = file.storyboard; name = Base; path = Base.lproj/Main.storyboard; sourceTree = "<group>"; };
		84B9FE8B2518BD6900BDD969 /* Assets.xcassets */ = {isa = PBXFileReference; lastKnownFileType = folder.assetcatalog; path = Assets.xcassets; sourceTree = "<group>"; };
		84B9FE8E2518BD6900BDD969 /* Base */ = {isa = PBXFileReference; lastKnownFileType = file.storyboard; name = Base; path = Base.lproj/LaunchScreen.storyboard; sourceTree = "<group>"; };
		84B9FE902518BD6900BDD969 /* Info.plist */ = {isa = PBXFileReference; lastKnownFileType = text.plist.xml; path = Info.plist; sourceTree = "<group>"; };
		84B9FE952518BD6900BDD969 /* WeatherTests.xctest */ = {isa = PBXFileReference; explicitFileType = wrapper.cfbundle; includeInIndex = 0; path = WeatherTests.xctest; sourceTree = BUILT_PRODUCTS_DIR; };
		84B9FE992518BD6900BDD969 /* WeatherTests.swift */ = {isa = PBXFileReference; lastKnownFileType = sourcecode.swift; path = WeatherTests.swift; sourceTree = "<group>"; };
		84B9FE9B2518BD6900BDD969 /* Info.plist */ = {isa = PBXFileReference; lastKnownFileType = text.plist.xml; path = Info.plist; sourceTree = "<group>"; };
		84B9FEA02518BD6900BDD969 /* WeatherUITests.xctest */ = {isa = PBXFileReference; explicitFileType = wrapper.cfbundle; includeInIndex = 0; path = WeatherUITests.xctest; sourceTree = BUILT_PRODUCTS_DIR; };
		84B9FEA42518BD6900BDD969 /* WeatherUITests.swift */ = {isa = PBXFileReference; lastKnownFileType = sourcecode.swift; path = WeatherUITests.swift; sourceTree = "<group>"; };
		84B9FEA62518BD6900BDD969 /* Info.plist */ = {isa = PBXFileReference; lastKnownFileType = text.plist.xml; path = Info.plist; sourceTree = "<group>"; };
		84F92E96253DBB2C00F5EE3A /* LocationManager.swift */ = {isa = PBXFileReference; lastKnownFileType = sourcecode.swift; path = LocationManager.swift; sourceTree = "<group>"; };
/* End PBXFileReference section */

/* Begin PBXFrameworksBuildPhase section */
		84B9FE7C2518BD6800BDD969 /* Frameworks */ = {
			isa = PBXFrameworksBuildPhase;
			buildActionMask = 2147483647;
			files = (
			);
			runOnlyForDeploymentPostprocessing = 0;
		};
		84B9FE922518BD6900BDD969 /* Frameworks */ = {
			isa = PBXFrameworksBuildPhase;
			buildActionMask = 2147483647;
			files = (
			);
			runOnlyForDeploymentPostprocessing = 0;
		};
		84B9FE9D2518BD6900BDD969 /* Frameworks */ = {
			isa = PBXFrameworksBuildPhase;
			buildActionMask = 2147483647;
			files = (
			);
			runOnlyForDeploymentPostprocessing = 0;
		};
/* End PBXFrameworksBuildPhase section */

/* Begin PBXGroup section */
		2C8157C62546BD6900306CFC /* MinorWeatherCell */ = {
			isa = PBXGroup;
			children = (
				2C8157C72546BEE400306CFC /* MinorWeatherTableViewCell.swift */,
				2C8157C82546BEE400306CFC /* MinorWeatherTableViewCell.xib */,
			);
			path = MinorWeatherCell;
			sourceTree = "<group>";
		};
		84030741251B338900AB3014 /* WeatherNetworkService */ = {
			isa = PBXGroup;
			children = (
				84030742251B33CC00AB3014 /* WeatherNetworkService.swift */,
			);
			path = WeatherNetworkService;
			sourceTree = "<group>";
		};
		8408526B2525B38A00D97745 /* SelectionCityViewController */ = {
			isa = PBXGroup;
			children = (
				84A93711251A2C90007644FF /* View */,
				84A93710251A2C81007644FF /* Controller */,
			);
			path = SelectionCityViewController;
			sourceTree = "<group>";
		};
		842E09CB252473C60005F130 /* CellForTableView */ = {
			isa = PBXGroup;
			children = (
				8439449D2519E109003DF607 /* SelectMethodTableViewCell.swift */,
				8439449E2519E109003DF607 /* SelectMethodTableViewCell.xib */,
			);
			path = CellForTableView;
			sourceTree = "<group>";
		};
		843944AF2519E739003DF607 /* Controller */ = {
			isa = PBXGroup;
			children = (
				843944B02519E774003DF607 /* MapViewController.swift */,
			);
			path = Controller;
			sourceTree = "<group>";
		};
		843944C32519ED8C003DF607 /* Controller */ = {
			isa = PBXGroup;
			children = (
				843944C62519EDEC003DF607 /* WeatherViewController.swift */,
			);
			path = Controller;
			sourceTree = "<group>";
		};
		843944C42519EDA3003DF607 /* View */ = {
			isa = PBXGroup;
			children = (
				2C8157C62546BD6900306CFC /* MinorWeatherCell */,
				846B80772540184D00453D7C /* TableHeaderView */,
				846B80AB2540392A00453D7C /* WeatherCellectionViewCell */,
				846B808225401BAD00453D7C /* CellСontainerToCollectionView */,
				84A50B7B2524C47900852CD3 /* CellForWeatherTableView */,
			);
			path = View;
			sourceTree = "<group>";
		};
		843944C52519EDAB003DF607 /* Model */ = {
			isa = PBXGroup;
			children = (
				84394513251A1F74003DF607 /* DecodeModel.swift */,
			);
			path = Model;
			sourceTree = "<group>";
		};
		84394518251A1FE6003DF607 /* NetworkService */ = {
			isa = PBXGroup;
			children = (
				84394519251A202F003DF607 /* NetworkService.swift */,
			);
			path = NetworkService;
			sourceTree = "<group>";
		};
		846B80772540184D00453D7C /* TableHeaderView */ = {
			isa = PBXGroup;
			children = (
				846B8078254018C800453D7C /* TableHeader.swift */,
				846B807D2540193700453D7C /* TableHeader.xib */,
			);
			path = TableHeaderView;
			sourceTree = "<group>";
		};
		846B808225401BAD00453D7C /* CellСontainerToCollectionView */ = {
			isa = PBXGroup;
			children = (
				846B808425401DC600453D7C /* ContainerTableViewCell.swift */,
				846B808525401DC600453D7C /* ContainerTableViewCell.xib */,
			);
			path = "CellСontainerToCollectionView";
			sourceTree = "<group>";
		};
		846B80AB2540392A00453D7C /* WeatherCellectionViewCell */ = {
			isa = PBXGroup;
			children = (
				846B80A42540353A00453D7C /* WeatherCollectionViewCell.swift */,
				846B80A52540353A00453D7C /* WeatherCollectionViewCell.xib */,
			);
			path = WeatherCellectionViewCell;
			sourceTree = "<group>";
		};
		8495140D25230BB00072590A /* SelectMethodViewController */ = {
			isa = PBXGroup;
			children = (
				84B9FEBB2518BF0D00BDD969 /* View */,
				84B9FEBA2518BEE800BDD969 /* Controller */,
			);
			path = SelectMethodViewController;
			sourceTree = "<group>";
		};
		8495141025230C210072590A /* MapViewController */ = {
			isa = PBXGroup;
			children = (
				843944AF2519E739003DF607 /* Controller */,
			);
			path = MapViewController;
			sourceTree = "<group>";
		};
		8495141125230C4C0072590A /* WeatherViewController */ = {
			isa = PBXGroup;
			children = (
				843944C52519EDAB003DF607 /* Model */,
				843944C42519EDA3003DF607 /* View */,
				843944C32519ED8C003DF607 /* Controller */,
				84030741251B338900AB3014 /* WeatherNetworkService */,
			);
			path = WeatherViewController;
			sourceTree = "<group>";
		};
		84A50B7B2524C47900852CD3 /* CellForWeatherTableView */ = {
			isa = PBXGroup;
			children = (
				8439450C251A0F2E003DF607 /* WeatherTableViewCell.swift */,
				8439450D251A0F2E003DF607 /* WeatherTableViewCell.xib */,
			);
			path = CellForWeatherTableView;
			sourceTree = "<group>";
		};
		84A93710251A2C81007644FF /* Controller */ = {
			isa = PBXGroup;
			children = (
				84A93716251A2D2B007644FF /* SelectionCityViewController.swift */,
			);
			path = Controller;
			sourceTree = "<group>";
		};
		84A93711251A2C90007644FF /* View */ = {
			isa = PBXGroup;
			children = (
				84EB012F252495D6007CB5AB /* CellForCollectionView */,
			);
			path = View;
			sourceTree = "<group>";
		};
		84B9FE762518BD6800BDD969 = {
			isa = PBXGroup;
			children = (
				84B9FE812518BD6800BDD969 /* Weather */,
				84B9FE982518BD6900BDD969 /* WeatherTests */,
				84B9FEA32518BD6900BDD969 /* WeatherUITests */,
				84B9FE802518BD6800BDD969 /* Products */,
			);
			sourceTree = "<group>";
		};
		84B9FE802518BD6800BDD969 /* Products */ = {
			isa = PBXGroup;
			children = (
				84B9FE7F2518BD6800BDD969 /* Weather.app */,
				84B9FE952518BD6900BDD969 /* WeatherTests.xctest */,
				84B9FEA02518BD6900BDD969 /* WeatherUITests.xctest */,
			);
			name = Products;
			sourceTree = "<group>";
		};
		84B9FE812518BD6800BDD969 /* Weather */ = {
			isa = PBXGroup;
			children = (
				84B9FEB82518BDF000BDD969 /* Application */,
				8495140D25230BB00072590A /* SelectMethodViewController */,
				8408526B2525B38A00D97745 /* SelectionCityViewController */,
				8495141025230C210072590A /* MapViewController */,
				8495141125230C4C0072590A /* WeatherViewController */,
				84B9FEBD2518C90E00BDD969 /* SupportingFiles */,
			);
			path = Weather;
			sourceTree = "<group>";
		};
		84B9FE982518BD6900BDD969 /* WeatherTests */ = {
			isa = PBXGroup;
			children = (
				84B9FE992518BD6900BDD969 /* WeatherTests.swift */,
				84B9FE9B2518BD6900BDD969 /* Info.plist */,
			);
			path = WeatherTests;
			sourceTree = "<group>";
		};
		84B9FEA32518BD6900BDD969 /* WeatherUITests */ = {
			isa = PBXGroup;
			children = (
				84B9FEA42518BD6900BDD969 /* WeatherUITests.swift */,
				84B9FEA62518BD6900BDD969 /* Info.plist */,
			);
			path = WeatherUITests;
			sourceTree = "<group>";
		};
		84B9FEB52518BDBC00BDD969 /* Model */ = {
			isa = PBXGroup;
			children = (
				84241E37251CC55700012D49 /* DateFormatterModel.swift */,
				843944A42519E4C4003DF607 /* ViewControllerFactory.swift */,
				2CD659CD2542D44A00508C22 /* ErrorAlert.swift */,
			);
			path = Model;
			sourceTree = "<group>";
		};
		84B9FEB62518BDC600BDD969 /* View */ = {
			isa = PBXGroup;
			children = (
				84B9FE8D2518BD6900BDD969 /* LaunchScreen.storyboard */,
				84B9FE882518BD6800BDD969 /* Main.storyboard */,
			);
			path = View;
			sourceTree = "<group>";
		};
		84B9FEB72518BDD700BDD969 /* Controller */ = {
			isa = PBXGroup;
			children = (
				84B9FE822518BD6800BDD969 /* AppDelegate.swift */,
				84B9FE842518BD6800BDD969 /* SceneDelegate.swift */,
			);
			path = Controller;
			sourceTree = "<group>";
		};
		84B9FEB82518BDF000BDD969 /* Application */ = {
			isa = PBXGroup;
			children = (
				84B9FEB52518BDBC00BDD969 /* Model */,
				84B9FEB62518BDC600BDD969 /* View */,
				84B9FEB72518BDD700BDD969 /* Controller */,
				84394518251A1FE6003DF607 /* NetworkService */,
				84F92E95253DBAFD00F5EE3A /* LocationManager */,
			);
			path = Application;
			sourceTree = "<group>";
		};
		84B9FEBA2518BEE800BDD969 /* Controller */ = {
			isa = PBXGroup;
			children = (
				84B9FE862518BD6800BDD969 /* SelectMethodViewController.swift */,
			);
			path = Controller;
			sourceTree = "<group>";
		};
		84B9FEBB2518BF0D00BDD969 /* View */ = {
			isa = PBXGroup;
			children = (
				842E09CB252473C60005F130 /* CellForTableView */,
			);
			path = View;
			sourceTree = "<group>";
		};
		84B9FEBD2518C90E00BDD969 /* SupportingFiles */ = {
			isa = PBXGroup;
			children = (
				843944BD2519EC9F003DF607 /* UIUtilities.swift */,
				84B9FE8B2518BD6900BDD969 /* Assets.xcassets */,
				84B9FE902518BD6900BDD969 /* Info.plist */,
			);
			path = SupportingFiles;
			sourceTree = "<group>";
		};
		84EB012F252495D6007CB5AB /* CellForCollectionView */ = {
			isa = PBXGroup;
			children = (
				8403074B251B584D00AB3014 /* ForSelectionCityCollectionViewCell.swift */,
				8403074C251B584D00AB3014 /* ForSelectionCityCollectionViewCell.xib */,
			);
			path = CellForCollectionView;
			sourceTree = "<group>";
		};
		84F92E95253DBAFD00F5EE3A /* LocationManager */ = {
			isa = PBXGroup;
			children = (
				84F92E96253DBB2C00F5EE3A /* LocationManager.swift */,
			);
			path = LocationManager;
			sourceTree = "<group>";
		};
/* End PBXGroup section */

/* Begin PBXNativeTarget section */
		84B9FE7E2518BD6800BDD969 /* Weather */ = {
			isa = PBXNativeTarget;
			buildConfigurationList = 84B9FEA92518BD6A00BDD969 /* Build configuration list for PBXNativeTarget "Weather" */;
			buildPhases = (
				84B9FE7B2518BD6800BDD969 /* Sources */,
				84B9FE7C2518BD6800BDD969 /* Frameworks */,
				84B9FE7D2518BD6800BDD969 /* Resources */,
			);
			buildRules = (
			);
			dependencies = (
			);
			name = Weather;
			productName = Weather;
			productReference = 84B9FE7F2518BD6800BDD969 /* Weather.app */;
			productType = "com.apple.product-type.application";
		};
		84B9FE942518BD6900BDD969 /* WeatherTests */ = {
			isa = PBXNativeTarget;
			buildConfigurationList = 84B9FEAC2518BD6A00BDD969 /* Build configuration list for PBXNativeTarget "WeatherTests" */;
			buildPhases = (
				84B9FE912518BD6900BDD969 /* Sources */,
				84B9FE922518BD6900BDD969 /* Frameworks */,
				84B9FE932518BD6900BDD969 /* Resources */,
			);
			buildRules = (
			);
			dependencies = (
				84B9FE972518BD6900BDD969 /* PBXTargetDependency */,
			);
			name = WeatherTests;
			productName = WeatherTests;
			productReference = 84B9FE952518BD6900BDD969 /* WeatherTests.xctest */;
			productType = "com.apple.product-type.bundle.unit-test";
		};
		84B9FE9F2518BD6900BDD969 /* WeatherUITests */ = {
			isa = PBXNativeTarget;
			buildConfigurationList = 84B9FEAF2518BD6A00BDD969 /* Build configuration list for PBXNativeTarget "WeatherUITests" */;
			buildPhases = (
				84B9FE9C2518BD6900BDD969 /* Sources */,
				84B9FE9D2518BD6900BDD969 /* Frameworks */,
				84B9FE9E2518BD6900BDD969 /* Resources */,
			);
			buildRules = (
			);
			dependencies = (
				84B9FEA22518BD6900BDD969 /* PBXTargetDependency */,
			);
			name = WeatherUITests;
			productName = WeatherUITests;
			productReference = 84B9FEA02518BD6900BDD969 /* WeatherUITests.xctest */;
			productType = "com.apple.product-type.bundle.ui-testing";
		};
/* End PBXNativeTarget section */

/* Begin PBXProject section */
		84B9FE772518BD6800BDD969 /* Project object */ = {
			isa = PBXProject;
			attributes = {
				LastSwiftUpdateCheck = 1200;
				LastUpgradeCheck = 1210;
				TargetAttributes = {
					84B9FE7E2518BD6800BDD969 = {
						CreatedOnToolsVersion = 12.0;
					};
					84B9FE942518BD6900BDD969 = {
						CreatedOnToolsVersion = 12.0;
						TestTargetID = 84B9FE7E2518BD6800BDD969;
					};
					84B9FE9F2518BD6900BDD969 = {
						CreatedOnToolsVersion = 12.0;
						TestTargetID = 84B9FE7E2518BD6800BDD969;
					};
				};
			};
			buildConfigurationList = 84B9FE7A2518BD6800BDD969 /* Build configuration list for PBXProject "Weather" */;
			compatibilityVersion = "Xcode 9.3";
			developmentRegion = en;
			hasScannedForEncodings = 0;
			knownRegions = (
				en,
				Base,
			);
			mainGroup = 84B9FE762518BD6800BDD969;
			productRefGroup = 84B9FE802518BD6800BDD969 /* Products */;
			projectDirPath = "";
			projectRoot = "";
			targets = (
				84B9FE7E2518BD6800BDD969 /* Weather */,
				84B9FE942518BD6900BDD969 /* WeatherTests */,
				84B9FE9F2518BD6900BDD969 /* WeatherUITests */,
			);
		};
/* End PBXProject section */

/* Begin PBXResourcesBuildPhase section */
		84B9FE7D2518BD6800BDD969 /* Resources */ = {
			isa = PBXResourcesBuildPhase;
			buildActionMask = 2147483647;
			files = (
				84B9FE8F2518BD6900BDD969 /* LaunchScreen.storyboard in Resources */,
				84B9FE8C2518BD6900BDD969 /* Assets.xcassets in Resources */,
				2C8157CA2546BEE400306CFC /* MinorWeatherTableViewCell.xib in Resources */,
				846B807E2540193700453D7C /* TableHeader.xib in Resources */,
				843944A02519E109003DF607 /* SelectMethodTableViewCell.xib in Resources */,
				8439450F251A0F2E003DF607 /* WeatherTableViewCell.xib in Resources */,
				846B80A72540353B00453D7C /* WeatherCollectionViewCell.xib in Resources */,
				84B9FE8A2518BD6800BDD969 /* Main.storyboard in Resources */,
				8403074E251B584D00AB3014 /* ForSelectionCityCollectionViewCell.xib in Resources */,
				846B808725401DC600453D7C /* ContainerTableViewCell.xib in Resources */,
			);
			runOnlyForDeploymentPostprocessing = 0;
		};
		84B9FE932518BD6900BDD969 /* Resources */ = {
			isa = PBXResourcesBuildPhase;
			buildActionMask = 2147483647;
			files = (
			);
			runOnlyForDeploymentPostprocessing = 0;
		};
		84B9FE9E2518BD6900BDD969 /* Resources */ = {
			isa = PBXResourcesBuildPhase;
			buildActionMask = 2147483647;
			files = (
			);
			runOnlyForDeploymentPostprocessing = 0;
		};
/* End PBXResourcesBuildPhase section */

/* Begin PBXSourcesBuildPhase section */
		84B9FE7B2518BD6800BDD969 /* Sources */ = {
			isa = PBXSourcesBuildPhase;
			buildActionMask = 2147483647;
			files = (
				84030743251B33CC00AB3014 /* WeatherNetworkService.swift in Sources */,
				2CD659CE2542D44A00508C22 /* ErrorAlert.swift in Sources */,
				846B8079254018C800453D7C /* TableHeader.swift in Sources */,
				8439450E251A0F2E003DF607 /* WeatherTableViewCell.swift in Sources */,
				84B9FE872518BD6800BDD969 /* SelectMethodViewController.swift in Sources */,
				843944B12519E774003DF607 /* MapViewController.swift in Sources */,
				846B80A62540353B00453D7C /* WeatherCollectionViewCell.swift in Sources */,
				843944A52519E4C4003DF607 /* ViewControllerFactory.swift in Sources */,
				84B9FE832518BD6800BDD969 /* AppDelegate.swift in Sources */,
				84F92E97253DBB2C00F5EE3A /* LocationManager.swift in Sources */,
				84394514251A1F74003DF607 /* DecodeModel.swift in Sources */,
				84A93717251A2D2B007644FF /* SelectionCityViewController.swift in Sources */,
				8439449F2519E109003DF607 /* SelectMethodTableViewCell.swift in Sources */,
				84241E38251CC55700012D49 /* DateFormatterModel.swift in Sources */,
				843944C72519EDEC003DF607 /* WeatherViewController.swift in Sources */,
				843944BE2519EC9F003DF607 /* UIUtilities.swift in Sources */,
				2C8157C92546BEE400306CFC /* MinorWeatherTableViewCell.swift in Sources */,
				846B808625401DC600453D7C /* ContainerTableViewCell.swift in Sources */,
				8439451A251A202F003DF607 /* NetworkService.swift in Sources */,
				8403074D251B584D00AB3014 /* ForSelectionCityCollectionViewCell.swift in Sources */,
				84B9FE852518BD6800BDD969 /* SceneDelegate.swift in Sources */,
			);
			runOnlyForDeploymentPostprocessing = 0;
		};
		84B9FE912518BD6900BDD969 /* Sources */ = {
			isa = PBXSourcesBuildPhase;
			buildActionMask = 2147483647;
			files = (
				84B9FE9A2518BD6900BDD969 /* WeatherTests.swift in Sources */,
			);
			runOnlyForDeploymentPostprocessing = 0;
		};
		84B9FE9C2518BD6900BDD969 /* Sources */ = {
			isa = PBXSourcesBuildPhase;
			buildActionMask = 2147483647;
			files = (
				84B9FEA52518BD6900BDD969 /* WeatherUITests.swift in Sources */,
			);
			runOnlyForDeploymentPostprocessing = 0;
		};
/* End PBXSourcesBuildPhase section */

/* Begin PBXTargetDependency section */
		84B9FE972518BD6900BDD969 /* PBXTargetDependency */ = {
			isa = PBXTargetDependency;
			target = 84B9FE7E2518BD6800BDD969 /* Weather */;
			targetProxy = 84B9FE962518BD6900BDD969 /* PBXContainerItemProxy */;
		};
		84B9FEA22518BD6900BDD969 /* PBXTargetDependency */ = {
			isa = PBXTargetDependency;
			target = 84B9FE7E2518BD6800BDD969 /* Weather */;
			targetProxy = 84B9FEA12518BD6900BDD969 /* PBXContainerItemProxy */;
		};
/* End PBXTargetDependency section */

/* Begin PBXVariantGroup section */
		84B9FE882518BD6800BDD969 /* Main.storyboard */ = {
			isa = PBXVariantGroup;
			children = (
				84B9FE892518BD6800BDD969 /* Base */,
			);
			name = Main.storyboard;
			sourceTree = "<group>";
		};
		84B9FE8D2518BD6900BDD969 /* LaunchScreen.storyboard */ = {
			isa = PBXVariantGroup;
			children = (
				84B9FE8E2518BD6900BDD969 /* Base */,
			);
			name = LaunchScreen.storyboard;
			sourceTree = "<group>";
		};
/* End PBXVariantGroup section */

/* Begin XCBuildConfiguration section */
		84B9FEA72518BD6A00BDD969 /* Debug */ = {
			isa = XCBuildConfiguration;
			buildSettings = {
				ALWAYS_SEARCH_USER_PATHS = NO;
				CLANG_ANALYZER_NONNULL = YES;
				CLANG_ANALYZER_NUMBER_OBJECT_CONVERSION = YES_AGGRESSIVE;
				CLANG_CXX_LANGUAGE_STANDARD = "gnu++14";
				CLANG_CXX_LIBRARY = "libc++";
				CLANG_ENABLE_MODULES = YES;
				CLANG_ENABLE_OBJC_ARC = YES;
				CLANG_ENABLE_OBJC_WEAK = YES;
				CLANG_WARN_BLOCK_CAPTURE_AUTORELEASING = YES;
				CLANG_WARN_BOOL_CONVERSION = YES;
				CLANG_WARN_COMMA = YES;
				CLANG_WARN_CONSTANT_CONVERSION = YES;
				CLANG_WARN_DEPRECATED_OBJC_IMPLEMENTATIONS = YES;
				CLANG_WARN_DIRECT_OBJC_ISA_USAGE = YES_ERROR;
				CLANG_WARN_DOCUMENTATION_COMMENTS = YES;
				CLANG_WARN_EMPTY_BODY = YES;
				CLANG_WARN_ENUM_CONVERSION = YES;
				CLANG_WARN_INFINITE_RECURSION = YES;
				CLANG_WARN_INT_CONVERSION = YES;
				CLANG_WARN_NON_LITERAL_NULL_CONVERSION = YES;
				CLANG_WARN_OBJC_IMPLICIT_RETAIN_SELF = YES;
				CLANG_WARN_OBJC_LITERAL_CONVERSION = YES;
				CLANG_WARN_OBJC_ROOT_CLASS = YES_ERROR;
				CLANG_WARN_QUOTED_INCLUDE_IN_FRAMEWORK_HEADER = YES;
				CLANG_WARN_RANGE_LOOP_ANALYSIS = YES;
				CLANG_WARN_STRICT_PROTOTYPES = YES;
				CLANG_WARN_SUSPICIOUS_MOVE = YES;
				CLANG_WARN_UNGUARDED_AVAILABILITY = YES_AGGRESSIVE;
				CLANG_WARN_UNREACHABLE_CODE = YES;
				CLANG_WARN__DUPLICATE_METHOD_MATCH = YES;
				COPY_PHASE_STRIP = NO;
				DEBUG_INFORMATION_FORMAT = dwarf;
				ENABLE_STRICT_OBJC_MSGSEND = YES;
				ENABLE_TESTABILITY = YES;
				GCC_C_LANGUAGE_STANDARD = gnu11;
				GCC_DYNAMIC_NO_PIC = NO;
				GCC_NO_COMMON_BLOCKS = YES;
				GCC_OPTIMIZATION_LEVEL = 0;
				GCC_PREPROCESSOR_DEFINITIONS = (
					"DEBUG=1",
					"$(inherited)",
				);
				GCC_WARN_64_TO_32_BIT_CONVERSION = YES;
				GCC_WARN_ABOUT_RETURN_TYPE = YES_ERROR;
				GCC_WARN_UNDECLARED_SELECTOR = YES;
				GCC_WARN_UNINITIALIZED_AUTOS = YES_AGGRESSIVE;
				GCC_WARN_UNUSED_FUNCTION = YES;
				GCC_WARN_UNUSED_VARIABLE = YES;
				IPHONEOS_DEPLOYMENT_TARGET = 12.0;
				MTL_ENABLE_DEBUG_INFO = INCLUDE_SOURCE;
				MTL_FAST_MATH = YES;
				ONLY_ACTIVE_ARCH = YES;
				SDKROOT = iphoneos;
				SWIFT_ACTIVE_COMPILATION_CONDITIONS = DEBUG;
				SWIFT_OPTIMIZATION_LEVEL = "-Onone";
			};
			name = Debug;
		};
		84B9FEA82518BD6A00BDD969 /* Release */ = {
			isa = XCBuildConfiguration;
			buildSettings = {
				ALWAYS_SEARCH_USER_PATHS = NO;
				CLANG_ANALYZER_NONNULL = YES;
				CLANG_ANALYZER_NUMBER_OBJECT_CONVERSION = YES_AGGRESSIVE;
				CLANG_CXX_LANGUAGE_STANDARD = "gnu++14";
				CLANG_CXX_LIBRARY = "libc++";
				CLANG_ENABLE_MODULES = YES;
				CLANG_ENABLE_OBJC_ARC = YES;
				CLANG_ENABLE_OBJC_WEAK = YES;
				CLANG_WARN_BLOCK_CAPTURE_AUTORELEASING = YES;
				CLANG_WARN_BOOL_CONVERSION = YES;
				CLANG_WARN_COMMA = YES;
				CLANG_WARN_CONSTANT_CONVERSION = YES;
				CLANG_WARN_DEPRECATED_OBJC_IMPLEMENTATIONS = YES;
				CLANG_WARN_DIRECT_OBJC_ISA_USAGE = YES_ERROR;
				CLANG_WARN_DOCUMENTATION_COMMENTS = YES;
				CLANG_WARN_EMPTY_BODY = YES;
				CLANG_WARN_ENUM_CONVERSION = YES;
				CLANG_WARN_INFINITE_RECURSION = YES;
				CLANG_WARN_INT_CONVERSION = YES;
				CLANG_WARN_NON_LITERAL_NULL_CONVERSION = YES;
				CLANG_WARN_OBJC_IMPLICIT_RETAIN_SELF = YES;
				CLANG_WARN_OBJC_LITERAL_CONVERSION = YES;
				CLANG_WARN_OBJC_ROOT_CLASS = YES_ERROR;
				CLANG_WARN_QUOTED_INCLUDE_IN_FRAMEWORK_HEADER = YES;
				CLANG_WARN_RANGE_LOOP_ANALYSIS = YES;
				CLANG_WARN_STRICT_PROTOTYPES = YES;
				CLANG_WARN_SUSPICIOUS_MOVE = YES;
				CLANG_WARN_UNGUARDED_AVAILABILITY = YES_AGGRESSIVE;
				CLANG_WARN_UNREACHABLE_CODE = YES;
				CLANG_WARN__DUPLICATE_METHOD_MATCH = YES;
				COPY_PHASE_STRIP = NO;
				DEBUG_INFORMATION_FORMAT = "dwarf-with-dsym";
				ENABLE_NS_ASSERTIONS = NO;
				ENABLE_STRICT_OBJC_MSGSEND = YES;
				GCC_C_LANGUAGE_STANDARD = gnu11;
				GCC_NO_COMMON_BLOCKS = YES;
				GCC_WARN_64_TO_32_BIT_CONVERSION = YES;
				GCC_WARN_ABOUT_RETURN_TYPE = YES_ERROR;
				GCC_WARN_UNDECLARED_SELECTOR = YES;
				GCC_WARN_UNINITIALIZED_AUTOS = YES_AGGRESSIVE;
				GCC_WARN_UNUSED_FUNCTION = YES;
				GCC_WARN_UNUSED_VARIABLE = YES;
				IPHONEOS_DEPLOYMENT_TARGET = 12.0;
				MTL_ENABLE_DEBUG_INFO = NO;
				MTL_FAST_MATH = YES;
				SDKROOT = iphoneos;
				SWIFT_COMPILATION_MODE = wholemodule;
				SWIFT_OPTIMIZATION_LEVEL = "-O";
				VALIDATE_PRODUCT = YES;
			};
			name = Release;
		};
		84B9FEAA2518BD6A00BDD969 /* Debug */ = {
			isa = XCBuildConfiguration;
			buildSettings = {
				ASSETCATALOG_COMPILER_APPICON_NAME = AppIcon;
				ASSETCATALOG_COMPILER_GLOBAL_ACCENT_COLOR_NAME = AccentColor;
				CODE_SIGN_STYLE = Automatic;
				DEVELOPMENT_TEAM = 6GTJ637UNQ;
				INFOPLIST_FILE = Weather/SupportingFiles/Info.plist;
				LD_RUNPATH_SEARCH_PATHS = (
					"$(inherited)",
					"@executable_path/Frameworks",
				);
				PRODUCT_BUNDLE_IDENTIFIER = BanGipsDev.Weather;
				PRODUCT_NAME = "$(TARGET_NAME)";
				SWIFT_VERSION = 5.0;
				TARGETED_DEVICE_FAMILY = "1,2";
			};
			name = Debug;
		};
		84B9FEAB2518BD6A00BDD969 /* Release */ = {
			isa = XCBuildConfiguration;
			buildSettings = {
				ASSETCATALOG_COMPILER_APPICON_NAME = AppIcon;
				ASSETCATALOG_COMPILER_GLOBAL_ACCENT_COLOR_NAME = AccentColor;
				CODE_SIGN_STYLE = Automatic;
				DEVELOPMENT_TEAM = 6GTJ637UNQ;
				INFOPLIST_FILE = Weather/SupportingFiles/Info.plist;
				LD_RUNPATH_SEARCH_PATHS = (
					"$(inherited)",
					"@executable_path/Frameworks",
				);
				PRODUCT_BUNDLE_IDENTIFIER = BanGipsDev.Weather;
				PRODUCT_NAME = "$(TARGET_NAME)";
				SWIFT_VERSION = 5.0;
				TARGETED_DEVICE_FAMILY = "1,2";
			};
			name = Release;
		};
		84B9FEAD2518BD6A00BDD969 /* Debug */ = {
			isa = XCBuildConfiguration;
			buildSettings = {
				ALWAYS_EMBED_SWIFT_STANDARD_LIBRARIES = YES;
				BUNDLE_LOADER = "$(TEST_HOST)";
				CODE_SIGN_STYLE = Automatic;
				DEVELOPMENT_TEAM = 6GTJ637UNQ;
				INFOPLIST_FILE = WeatherTests/Info.plist;
				IPHONEOS_DEPLOYMENT_TARGET = 13.0;
				LD_RUNPATH_SEARCH_PATHS = (
					"$(inherited)",
					"@executable_path/Frameworks",
					"@loader_path/Frameworks",
				);
				PRODUCT_BUNDLE_IDENTIFIER = BanGipsDev.WeatherTests;
				PRODUCT_NAME = "$(TARGET_NAME)";
				SWIFT_VERSION = 5.0;
				TARGETED_DEVICE_FAMILY = "1,2";
				TEST_HOST = "$(BUILT_PRODUCTS_DIR)/Weather.app/Weather";
			};
			name = Debug;
		};
		84B9FEAE2518BD6A00BDD969 /* Release */ = {
			isa = XCBuildConfiguration;
			buildSettings = {
				ALWAYS_EMBED_SWIFT_STANDARD_LIBRARIES = YES;
				BUNDLE_LOADER = "$(TEST_HOST)";
				CODE_SIGN_STYLE = Automatic;
				DEVELOPMENT_TEAM = 6GTJ637UNQ;
				INFOPLIST_FILE = WeatherTests/Info.plist;
				IPHONEOS_DEPLOYMENT_TARGET = 13.0;
				LD_RUNPATH_SEARCH_PATHS = (
					"$(inherited)",
					"@executable_path/Frameworks",
					"@loader_path/Frameworks",
				);
				PRODUCT_BUNDLE_IDENTIFIER = BanGipsDev.WeatherTests;
				PRODUCT_NAME = "$(TARGET_NAME)";
				SWIFT_VERSION = 5.0;
				TARGETED_DEVICE_FAMILY = "1,2";
				TEST_HOST = "$(BUILT_PRODUCTS_DIR)/Weather.app/Weather";
			};
			name = Release;
		};
		84B9FEB02518BD6A00BDD969 /* Debug */ = {
			isa = XCBuildConfiguration;
			buildSettings = {
				ALWAYS_EMBED_SWIFT_STANDARD_LIBRARIES = YES;
				CODE_SIGN_STYLE = Automatic;
				DEVELOPMENT_TEAM = 6GTJ637UNQ;
				INFOPLIST_FILE = WeatherUITests/Info.plist;
				LD_RUNPATH_SEARCH_PATHS = (
					"$(inherited)",
					"@executable_path/Frameworks",
					"@loader_path/Frameworks",
				);
				PRODUCT_BUNDLE_IDENTIFIER = BanGipsDev.WeatherUITests;
				PRODUCT_NAME = "$(TARGET_NAME)";
				SWIFT_VERSION = 5.0;
				TARGETED_DEVICE_FAMILY = "1,2";
				TEST_TARGET_NAME = Weather;
			};
			name = Debug;
		};
		84B9FEB12518BD6A00BDD969 /* Release */ = {
			isa = XCBuildConfiguration;
			buildSettings = {
				ALWAYS_EMBED_SWIFT_STANDARD_LIBRARIES = YES;
				CODE_SIGN_STYLE = Automatic;
				DEVELOPMENT_TEAM = 6GTJ637UNQ;
				INFOPLIST_FILE = WeatherUITests/Info.plist;
				LD_RUNPATH_SEARCH_PATHS = (
					"$(inherited)",
					"@executable_path/Frameworks",
					"@loader_path/Frameworks",
				);
				PRODUCT_BUNDLE_IDENTIFIER = BanGipsDev.WeatherUITests;
				PRODUCT_NAME = "$(TARGET_NAME)";
				SWIFT_VERSION = 5.0;
				TARGETED_DEVICE_FAMILY = "1,2";
				TEST_TARGET_NAME = Weather;
			};
			name = Release;
		};
/* End XCBuildConfiguration section */

/* Begin XCConfigurationList section */
		84B9FE7A2518BD6800BDD969 /* Build configuration list for PBXProject "Weather" */ = {
			isa = XCConfigurationList;
			buildConfigurations = (
				84B9FEA72518BD6A00BDD969 /* Debug */,
				84B9FEA82518BD6A00BDD969 /* Release */,
			);
			defaultConfigurationIsVisible = 0;
			defaultConfigurationName = Release;
		};
		84B9FEA92518BD6A00BDD969 /* Build configuration list for PBXNativeTarget "Weather" */ = {
			isa = XCConfigurationList;
			buildConfigurations = (
				84B9FEAA2518BD6A00BDD969 /* Debug */,
				84B9FEAB2518BD6A00BDD969 /* Release */,
			);
			defaultConfigurationIsVisible = 0;
			defaultConfigurationName = Release;
		};
		84B9FEAC2518BD6A00BDD969 /* Build configuration list for PBXNativeTarget "WeatherTests" */ = {
			isa = XCConfigurationList;
			buildConfigurations = (
				84B9FEAD2518BD6A00BDD969 /* Debug */,
				84B9FEAE2518BD6A00BDD969 /* Release */,
			);
			defaultConfigurationIsVisible = 0;
			defaultConfigurationName = Release;
		};
		84B9FEAF2518BD6A00BDD969 /* Build configuration list for PBXNativeTarget "WeatherUITests" */ = {
			isa = XCConfigurationList;
			buildConfigurations = (
				84B9FEB02518BD6A00BDD969 /* Debug */,
				84B9FEB12518BD6A00BDD969 /* Release */,
			);
			defaultConfigurationIsVisible = 0;
			defaultConfigurationName = Release;
		};
/* End XCConfigurationList section */
	};
	rootObject = 84B9FE772518BD6800BDD969 /* Project object */;
}
